
Microsoft Visual Studio Solution File, Format Version 12.00
# Visual Studio 15
VisualStudioVersion = 15.0.26430.14
MinimumVisualStudioVersion = 10.0.40219.1
Project("{FAE04EC0-301F-11D3-BF4B-00C04F79EFBC}") = "TiledSharp", "TiledSharp\TiledSharp.csproj", "{E4130F8D-D301-4E0C-916D-489C4A23C9B1}"
EndProject
Project("{FAE04EC0-301F-11D3-BF4B-00C04F79EFBC}") = "TiledSharp.Test", "TiledSharp.Test\TiledSharp.Test.csproj", "{E3434809-8A7B-4082-83E6-F42EE556D987}"
EndProject
Project("{9A19103F-16F7-4668-BE54-9A1E7A4F7556}") = "TiledSharp.netcore", "TiledSharp\src\TiledSharp.netcore.csproj", "{B83B0D41-4693-4FA9-910B-39C50CC452BB}"
EndProject
Global
	GlobalSection(SolutionConfigurationPlatforms) = preSolution
		Debug|Any CPU = Debug|Any CPU
		Release|Any CPU = Release|Any CPU
	EndGlobalSection
	GlobalSection(ProjectConfigurationPlatforms) = postSolution
		{E4130F8D-D301-4E0C-916D-489C4A23C9B1}.Debug|Any CPU.ActiveCfg = Debug|Any CPU
		{E4130F8D-D301-4E0C-916D-489C4A23C9B1}.Debug|Any CPU.Build.0 = Debug|Any CPU
		{E4130F8D-D301-4E0C-916D-489C4A23C9B1}.Release|Any CPU.ActiveCfg = Release|Any CPU
		{E4130F8D-D301-4E0C-916D-489C4A23C9B1}.Release|Any CPU.Build.0 = Release|Any CPU
		{E3434809-8A7B-4082-83E6-F42EE556D987}.Debug|Any CPU.ActiveCfg = Debug|Any CPU
		{E3434809-8A7B-4082-83E6-F42EE556D987}.Release|Any CPU.ActiveCfg = Release|Any CPU
		{B83B0D41-4693-4FA9-910B-39C50CC452BB}.Debug|Any CPU.ActiveCfg = Debug|Any CPU
		{B83B0D41-4693-4FA9-910B-39C50CC452BB}.Debug|Any CPU.Build.0 = Debug|Any CPU
		{B83B0D41-4693-4FA9-910B-39C50CC452BB}.Release|Any CPU.ActiveCfg = Release|Any CPU
		{B83B0D41-4693-4FA9-910B-39C50CC452BB}.Release|Any CPU.Build.0 = Release|Any CPU
	EndGlobalSection
	GlobalSection(SolutionProperties) = preSolution
		HideSolutionNode = FALSE
	EndGlobalSection
	GlobalSection(MonoDevelopProperties) = preSolution
		StartupItem = TiledSharp\TiledSharp.csproj
		Policies = $0
		$0.TextStylePolicy = $3
		$1.inheritsSet = null
		$1.scope = text/x-csharp
		$0.CSharpFormattingPolicy = $2
		$2.inheritsSet = Mono
		$2.inheritsScope = text/x-csharp
		$2.scope = text/x-csharp
		$3.NoTabsAfterNonTabs = True
		$3.EolMarker = Unix
		$3.inheritsSet = VisualStudio
		$3.inheritsScope = text/plain
		$3.scope = text/plain
	EndGlobalSection
EndGlobal
